// !$*UTF8*$!
{
	archiveVersion = 1;
	classes = {
	};
	objectVersion = 46;
	objects = {

/* Begin PBXBuildFile section */
		821C875B1E9526DB00F08CEF /* AppDelegate.swift in Sources */ = {isa = PBXBuildFile; fileRef = 821C875A1E9526DB00F08CEF /* AppDelegate.swift */; };
		821C875D1E9526DB00F08CEF /* ViewController.swift in Sources */ = {isa = PBXBuildFile; fileRef = 821C875C1E9526DB00F08CEF /* ViewController.swift */; };
		821C87601E9526DB00F08CEF /* Main.storyboard in Resources */ = {isa = PBXBuildFile; fileRef = 821C875E1E9526DB00F08CEF /* Main.storyboard */; };
		821C87621E9526DB00F08CEF /* Assets.xcassets in Resources */ = {isa = PBXBuildFile; fileRef = 821C87611E9526DB00F08CEF /* Assets.xcassets */; };
		821C87651E9526DB00F08CEF /* LaunchScreen.storyboard in Resources */ = {isa = PBXBuildFile; fileRef = 821C87631E9526DB00F08CEF /* LaunchScreen.storyboard */; };
/* End PBXBuildFile section */

/* Begin PBXFileReference section */
		821C87571E9526DB00F08CEF /* XLSwitchControllerDemo.app */ = {isa = PBXFileReference; explicitFileType = wrapper.application; includeInIndex = 0; path = XLSwitchControllerDemo.app; sourceTree = BUILT_PRODUCTS_DIR; };
		821C875A1E9526DB00F08CEF /* AppDelegate.swift */ = {isa = PBXFileReference; lastKnownFileType = sourcecode.swift; path = AppDelegate.swift; sourceTree = "<group>"; };
		821C875C1E9526DB00F08CEF /* ViewController.swift */ = {isa = PBXFileReference; lastKnownFileType = sourcecode.swift; path = ViewController.swift; sourceTree = "<group>"; };
		821C875F1E9526DB00F08CEF /* Base */ = {isa = PBXFileReference; lastKnownFileType = file.storyboard; name = Base; path = Base.lproj/Main.storyboard; sourceTree = "<group>"; };
		821C87611E9526DB00F08CEF /* Assets.xcassets */ = {isa = PBXFileReference; lastKnownFileType = folder.assetcatalog; path = Assets.xcassets; sourceTree = "<group>"; };
		821C87641E9526DB00F08CEF /* Base */ = {isa = PBXFileReference; lastKnownFileType = file.storyboard; name = Base; path = Base.lproj/LaunchScreen.storyboard; sourceTree = "<group>"; };
		821C87661E9526DB00F08CEF /* Info.plist */ = {isa = PBXFileReference; lastKnownFileType = text.plist.xml; path = Info.plist; sourceTree = "<group>"; };
/* End PBXFileReference section */

/* Begin PBXFrameworksBuildPhase section */
		821C87541E9526DB00F08CEF /* Frameworks */ = {
			isa = PBXFrameworksBuildPhase;
			buildActionMask = 2147483647;
			files = (
			);
			runOnlyForDeploymentPostprocessing = 0;
		};
/* End PBXFrameworksBuildPhase section */

/* Begin PBXGroup section */
		821C874E1E9526DB00F08CEF = {
			isa = PBXGroup;
			children = (
				821C87591E9526DB00F08CEF /* XLSwitchControllerDemo */,
				821C87581E9526DB00F08CEF /* Products */,
			);
			sourceTree = "<group>";
		};
		821C87581E9526DB00F08CEF /* Products */ = {
			isa = PBXGroup;
			children = (
				821C87571E9526DB00F08CEF /* XLSwitchControllerDemo.app */,
			);
			name = Products;
			sourceTree = "<group>";
		};
		821C87591E9526DB00F08CEF /* XLSwitchControllerDemo */ = {
			isa = PBXGroup;
			children = (
				821C875A1E9526DB00F08CEF /* AppDelegate.swift */,
				821C875C1E9526DB00F08CEF /* ViewController.swift */,
				821C875E1E9526DB00F08CEF /* Main.storyboard */,
				821C87611E9526DB00F08CEF /* Assets.xcassets */,
				821C87631E9526DB00F08CEF /* LaunchScreen.storyboard */,
				821C87661E9526DB00F08CEF /* Info.plist */,
			);
			path = XLSwitchControllerDemo;
			sourceTree = "<group>";
		};
/* End PBXGroup section */

/* Begin PBXNativeTarget section */
		821C87561E9526DB00F08CEF /* XLSwitchControllerDemo */ = {
			isa = PBXNativeTarget;
			buildConfigurationList = 821C87691E9526DB00F08CEF /* Build configuration list for PBXNativeTarget "XLSwitchControllerDemo" */;
			buildPhases = (
				821C87531E9526DB00F08CEF /* Sources */,
				821C87541E9526DB00F08CEF /* Frameworks */,
				821C87551E9526DB00F08CEF /* Resources */,
			);
			buildRules = (
			);
			dependencies = (
			);
			name = XLSwitchControllerDemo;
			productName = XLSwitchControllerDemo;
			productReference = 821C87571E9526DB00F08CEF /* XLSwitchControllerDemo.app */;
			productType = "com.apple.product-type.application";
		};
/* End PBXNativeTarget section */

/* Begin PBXProject section */
		821C874F1E9526DB00F08CEF /* Project object */ = {
			isa = PBXProject;
			attributes = {
				LastSwiftUpdateCheck = 0830;
				LastUpgradeCheck = 0830;
				ORGANIZATIONNAME = sfmDev;
				TargetAttributes = {
					821C87561E9526DB00F08CEF = {
						CreatedOnToolsVersion = 8.3;
						DevelopmentTeam = 2LGH7NQTVL;
						ProvisioningStyle = Automatic;
					};
				};
			};
			buildConfigurationList = 821C87521E9526DB00F08CEF /* Build configuration list for PBXProject "XLSwitchControllerDemo" */;
			compatibilityVersion = "Xcode 3.2";
			developmentRegion = English;
			hasScannedForEncodings = 0;
			knownRegions = (
				en,
				Base,
			);
			mainGroup = 821C874E1E9526DB00F08CEF;
			productRefGroup = 821C87581E9526DB00F08CEF /* Products */;
			projectDirPath = "";
			projectRoot = "";
			targets = (
				821C87561E9526DB00F08CEF /* XLSwitchControllerDemo */,
			);
		};
/* End PBXProject section */

/* Begin PBXResourcesBuildPhase section */
		821C87551E9526DB00F08CEF /* Resources */ = {
			isa = PBXResourcesBuildPhase;
			buildActionMask = 2147483647;
			files = (
				821C87651E9526DB00F08CEF /* LaunchScreen.storyboard in Resources */,
				821C87621E9526DB00F08CEF /* Assets.xcassets in Resources */,
				821C87601E9526DB00F08CEF /* Main.storyboard in Resources */,
			);
			runOnlyForDeploymentPostprocessing = 0;
		};
/* End PBXResourcesBuildPhase section */

/* Begin PBXSourcesBuildPhase section */
		821C87531E9526DB00F08CEF /* Sources */ = {
			isa = PBXSourcesBuildPhase;
			buildActionMask = 2147483647;
			files = (
				821C875D1E9526DB00F08CEF /* ViewController.swift in Sources */,
				821C875B1E9526DB00F08CEF /* AppDelegate.swift in Sources */,
			);
			runOnlyForDeploymentPostprocessing = 0;
		};
/* End PBXSourcesBuildPhase section */

/* Begin PBXVariantGroup section */
		821C875E1E9526DB00F08CEF /* Main.storyboard */ = {
			isa = PBXVariantGroup;
			children = (
				821C875F1E9526DB00F08CEF /* Base */,
			);
			name = Main.storyboard;
			sourceTree = "<group>";
		};
		821C87631E9526DB00F08CEF /* LaunchScreen.storyboard */ = {
			isa = PBXVariantGroup;
			children = (
				821C87641E9526DB00F08CEF /* Base */,
			);
			name = LaunchScreen.storyboard;
			sourceTree = "<group>";
		};
/* End PBXVariantGroup section */

/* Begin XCBuildConfiguration section */
		821C87671E9526DB00F08CEF /* Debug */ = {
			isa = XCBuildConfiguration;
			buildSettings = {
				ALWAYS_SEARCH_USER_PATHS = NO;
				CLANG_ANALYZER_NONNULL = YES;
				CLANG_ANALYZER_NUMBER_OBJECT_CONVERSION = YES_AGGRESSIVE;
				CLANG_CXX_LANGUAGE_STANDARD = "gnu++0x";
				CLANG_CXX_LIBRARY = "libc++";
				CLANG_ENABLE_MODULES = YES;
				CLANG_ENABLE_OBJC_ARC = YES;
				CLANG_WARN_BOOL_CONVERSION = YES;
				CLANG_WARN_CONSTANT_CONVERSION = YES;
				CLANG_WARN_DIRECT_OBJC_ISA_USAGE = YES_ERROR;
				CLANG_WARN_DOCUMENTATION_COMMENTS = YES;
				CLANG_WARN_EMPTY_BODY = YES;
				CLANG_WARN_ENUM_CONVERSION = YES;
				CLANG_WARN_INFINITE_RECURSION = YES;
				CLANG_WARN_INT_CONVERSION = YES;
				CLANG_WARN_OBJC_ROOT_CLASS = YES_ERROR;
				CLANG_WARN_SUSPICIOUS_MOVE = YES;
				CLANG_WARN_UNREACHABLE_CODE = YES;
				CLANG_WARN__DUPLICATE_METHOD_MATCH = YES;
				"CODE_SIGN_IDENTITY[sdk=iphoneos*]" = "iPhone Developer";
				COPY_PHASE_STRIP = NO;
				DEBUG_INFORMATION_FORMAT = dwarf;
				ENABLE_STRICT_OBJC_MSGSEND = YES;
				ENABLE_TESTABILITY = YES;
				GCC_C_LANGUAGE_STANDARD = gnu99;
				GCC_DYNAMIC_NO_PIC = NO;
				GCC_NO_COMMON_BLOCKS = YES;
				GCC_OPTIMIZATION_LEVEL = 0;
				GCC_PREPROCESSOR_DEFINITIONS = (
					"DEBUG=1",
					"$(inherited)",
				);
				GCC_WARN_64_TO_32_BIT_CONVERSION = YES;
				GCC_WARN_ABOUT_RETURN_TYPE = YES_ERROR;
				GCC_WARN_UNDECLARED_SELECTOR = YES;
				GCC_WARN_UNINITIALIZED_AUTOS = YES_AGGRESSIVE;
				GCC_WARN_UNUSED_FUNCTION = YES;
				GCC_WARN_UNUSED_VARIABLE = YES;
				IPHONEOS_DEPLOYMENT_TARGET = 10.3;
				MTL_ENABLE_DEBUG_INFO = YES;
				ONLY_ACTIVE_ARCH = YES;
				SDKROOT = iphoneos;
				SWIFT_ACTIVE_COMPILATION_CONDITIONS = DEBUG;
				SWIFT_OPTIMIZATION_LEVEL = "-Onone";
			};
			name = Debug;
		};
		821C87681E9526DB00F08CEF /* Release */ = {
			isa = XCBuildConfiguration;
			buildSettings = {
				ALWAYS_SEARCH_USER_PATHS = NO;
				CLANG_ANALYZER_NONNULL = YES;
				CLANG_ANALYZER_NUMBER_OBJECT_CONVERSION = YES_AGGRESSIVE;
				CLANG_CXX_LANGUAGE_STANDARD = "gnu++0x";
				CLANG_CXX_LIBRARY = "libc++";
				CLANG_ENABLE_MODULES = YES;
				CLANG_ENABLE_OBJC_ARC = YES;
				CLANG_WARN_BOOL_CONVERSION = YES;
				CLANG_WARN_CONSTANT_CONVERSION = YES;
				CLANG_WARN_DIRECT_OBJC_ISA_USAGE = YES_ERROR;
				CLANG_WARN_DOCUMENTATION_COMMENTS = YES;
				CLANG_WARN_EMPTY_BODY = YES;
				CLANG_WARN_ENUM_CONVERSION = YES;
				CLANG_WARN_INFINITE_RECURSION = YES;
				CLANG_WARN_INT_CONVERSION = YES;
				CLANG_WARN_OBJC_ROOT_CLASS = YES_ERROR;
				CLANG_WARN_SUSPICIOUS_MOVE = YES;
				CLANG_WARN_UNREACHABLE_CODE = YES;
				CLANG_WARN__DUPLICATE_METHOD_MATCH = YES;
				"CODE_SIGN_IDENTITY[sdk=iphoneos*]" = "iPhone Developer";
				COPY_PHASE_STRIP = NO;
				DEBUG_INFORMATION_FORMAT = "dwarf-with-dsym";
				ENABLE_NS_ASSERTIONS = NO;
				ENABLE_STRICT_OBJC_MSGSEND = YES;
				GCC_C_LANGUAGE_STANDARD = gnu99;
				GCC_NO_COMMON_BLOCKS = YES;
				GCC_WARN_64_TO_32_BIT_CONVERSION = YES;
				GCC_WARN_ABOUT_RETURN_TYPE = YES_ERROR;
				GCC_WARN_UNDECLARED_SELECTOR = YES;
				GCC_WARN_UNINITIALIZED_AUTOS = YES_AGGRESSIVE;
				GCC_WARN_UNUSED_FUNCTION = YES;
				GCC_WARN_UNUSED_VARIABLE = YES;
				IPHONEOS_DEPLOYMENT_TARGET = 10.3;
				MTL_ENABLE_DEBUG_INFO = NO;
				SDKROOT = iphoneos;
				SWIFT_OPTIMIZATION_LEVEL = "-Owholemodule";
				VALIDATE_PRODUCT = YES;
			};
			name = Release;
		};
		821C876A1E9526DB00F08CEF /* Debug */ = {
			isa = XCBuildConfiguration;
			buildSettings = {
				ASSETCATALOG_COMPILER_APPICON_NAME = AppIcon;
				DEVELOPMENT_TEAM = 2LGH7NQTVL;
				INFOPLIST_FILE = XLSwitchControllerDemo/Info.plist;
				LD_RUNPATH_SEARCH_PATHS = "$(inherited) @executable_path/Frameworks";
				PRODUCT_BUNDLE_IDENTIFIER = sfmDev.XLSwitchControllerDemo;
				PRODUCT_NAME = "$(TARGET_NAME)";
				SWIFT_VERSION = 3.0;
			};
			name = Debug;
		};
		821C876B1E9526DB00F08CEF /* Release */ = {
			isa = XCBuildConfiguration;
			buildSettings = {
				ASSETCATALOG_COMPILER_APPICON_NAME = AppIcon;
				DEVELOPMENT_TEAM = 2LGH7NQTVL;
				INFOPLIST_FILE = XLSwitchControllerDemo/Info.plist;
				LD_RUNPATH_SEARCH_PATHS = "$(inherited) @executable_path/Frameworks";
				PRODUCT_BUNDLE_IDENTIFIER = sfmDev.XLSwitchControllerDemo;
				PRODUCT_NAME = "$(TARGET_NAME)";
				SWIFT_VERSION = 3.0;
			};
			name = Release;
		};
/* End XCBuildConfiguration section */

/* Begin XCConfigurationList section */
		821C87521E9526DB00F08CEF /* Build configuration list for PBXProject "XLSwitchControllerDemo" */ = {
			isa = XCConfigurationList;
			buildConfigurations = (
				821C87671E9526DB00F08CEF /* Debug */,
				821C87681E9526DB00F08CEF /* Release */,
			);
			defaultConfigurationIsVisible = 0;
			defaultConfigurationName = Release;
		};
		821C87691E9526DB00F08CEF /* Build configuration list for PBXNativeTarget "XLSwitchControllerDemo" */ = {
			isa = XCConfigurationList;
			buildConfigurations = (
				821C876A1E9526DB00F08CEF /* Debug */,
				821C876B1E9526DB00F08CEF /* Release */,
			);
			defaultConfigurationIsVisible = 0;
		};
/* End XCConfigurationList section */
	};
	rootObject = 821C874F1E9526DB00F08CEF /* Project object */;
}
